
Microsoft Visual Studio Solution File, Format Version 12.00
# Visual Studio Version 16
VisualStudioVersion = 16.0.30804.86
MinimumVisualStudioVersion = 10.0.40219.1
Project("{FAE04EC0-301F-11D3-BF4B-00C04F79EFBC}") = "Pc cleaner", "Pc cleaner.csproj", "{68D1AEB0-D6EC-4C8B-ABAA-E002D074D80E}"
EndProject
Project("{FAE04EC0-301F-11D3-BF4B-00C04F79EFBC}") = "Update", "..\Update\Update.csproj", "{70AB6AFC-6B6A-4577-AE98-1F3A6A7688C6}"
EndProject
Global
	GlobalSection(SolutionConfigurationPlatforms) = preSolution
		Debug|Any CPU = Debug|Any CPU
		Release|Any CPU = Release|Any CPU
	EndGlobalSection
	GlobalSection(ProjectConfigurationPlatforms) = postSolution
		{68D1AEB0-D6EC-4C8B-ABAA-E002D074D80E}.Debug|Any CPU.ActiveCfg = Debug|Any CPU
		{68D1AEB0-D6EC-4C8B-ABAA-E002D074D80E}.Debug|Any CPU.Build.0 = Debug|Any CPU
		{68D1AEB0-D6EC-4C8B-ABAA-E002D074D80E}.Release|Any CPU.ActiveCfg = Release|Any CPU
		{68D1AEB0-D6EC-4C8B-ABAA-E002D074D80E}.Release|Any CPU.Build.0 = Release|Any CPU
		{70AB6AFC-6B6A-4577-AE98-1F3A6A7688C6}.Debug|Any CPU.ActiveCfg = Debug|Any CPU
		{70AB6AFC-6B6A-4577-AE98-1F3A6A7688C6}.Debug|Any CPU.Build.0 = Debug|Any CPU
		{70AB6AFC-6B6A-4577-AE98-1F3A6A7688C6}.Release|Any CPU.ActiveCfg = Release|Any CPU
		{70AB6AFC-6B6A-4577-AE98-1F3A6A7688C6}.Release|Any CPU.Build.0 = Release|Any CPU
	EndGlobalSection
	GlobalSection(SolutionProperties) = preSolution
		HideSolutionNode = FALSE
	EndGlobalSection
	GlobalSection(ExtensibilityGlobals) = postSolution
		SolutionGuid = {83973E23-065D-45DB-9A5E-AD8F07C210F2}
	EndGlobalSection
EndGlobal
